
Microsoft Visual Studio Solution File, Format Version 12.00
# Visual Studio Version 16
VisualStudioVersion = 16.0.31702.278
MinimumVisualStudioVersion = 10.0.40219.1
Project("{9A19103F-16F7-4668-BE54-9A1E7A4F7556}") = "MeowthCoreServer", "MeowthCoreServer\MeowthCoreServer.csproj", "{F8F7188D-C91D-4B7F-A204-997DA00FDA47}"
EndProject
Project("{9A19103F-16F7-4668-BE54-9A1E7A4F7556}") = "ApiModels", "ApiModels\ApiModels.csproj", "{791AB7B4-353F-4CE8-A3B9-0BEF8ADC9EA8}"
EndProject
Project("{FAE04EC0-301F-11D3-BF4B-00C04F79EFBC}") = "Agent", "Agent\Agent.csproj", "{609A6D4A-BFCB-4201-9DBB-A2D957BE62E1}"
EndProject
Project("{FAE04EC0-301F-11D3-BF4B-00C04F79EFBC}") = "Loader", "Loader\Loader.csproj", "{BFC38CF8-6408-4A4D-83AE-0EC6541903D9}"
EndProject
Project("{FAE04EC0-301F-11D3-BF4B-00C04F79EFBC}") = "PastryLoader", "PastryLoader\PastryLoader.csproj", "{6B06AD7D-3726-49BB-ADB0-4D4440C29BB2}"
EndProject
Project("{FAE04EC0-301F-11D3-BF4B-00C04F79EFBC}") = "LoadViaDLL", "LoadViaDLL\LoadViaDLL.csproj", "{5ED94D6A-DAFA-4312-83EB-F0FEAA46440C}"
EndProject
Global
	GlobalSection(SolutionConfigurationPlatforms) = preSolution
		Debug|Any CPU = Debug|Any CPU
		Release|Any CPU = Release|Any CPU
	EndGlobalSection
	GlobalSection(ProjectConfigurationPlatforms) = postSolution
		{F8F7188D-C91D-4B7F-A204-997DA00FDA47}.Debug|Any CPU.ActiveCfg = Debug|Any CPU
		{F8F7188D-C91D-4B7F-A204-997DA00FDA47}.Debug|Any CPU.Build.0 = Debug|Any CPU
		{F8F7188D-C91D-4B7F-A204-997DA00FDA47}.Release|Any CPU.ActiveCfg = Release|Any CPU
		{F8F7188D-C91D-4B7F-A204-997DA00FDA47}.Release|Any CPU.Build.0 = Release|Any CPU
		{791AB7B4-353F-4CE8-A3B9-0BEF8ADC9EA8}.Debug|Any CPU.ActiveCfg = Debug|Any CPU
		{791AB7B4-353F-4CE8-A3B9-0BEF8ADC9EA8}.Debug|Any CPU.Build.0 = Debug|Any CPU
		{791AB7B4-353F-4CE8-A3B9-0BEF8ADC9EA8}.Release|Any CPU.ActiveCfg = Release|Any CPU
		{791AB7B4-353F-4CE8-A3B9-0BEF8ADC9EA8}.Release|Any CPU.Build.0 = Release|Any CPU
		{609A6D4A-BFCB-4201-9DBB-A2D957BE62E1}.Debug|Any CPU.ActiveCfg = Debug|Any CPU
		{609A6D4A-BFCB-4201-9DBB-A2D957BE62E1}.Debug|Any CPU.Build.0 = Debug|Any CPU
		{609A6D4A-BFCB-4201-9DBB-A2D957BE62E1}.Release|Any CPU.ActiveCfg = Release|Any CPU
		{609A6D4A-BFCB-4201-9DBB-A2D957BE62E1}.Release|Any CPU.Build.0 = Release|Any CPU
		{BFC38CF8-6408-4A4D-83AE-0EC6541903D9}.Debug|Any CPU.ActiveCfg = Debug|Any CPU
		{BFC38CF8-6408-4A4D-83AE-0EC6541903D9}.Debug|Any CPU.Build.0 = Debug|Any CPU
		{BFC38CF8-6408-4A4D-83AE-0EC6541903D9}.Release|Any CPU.ActiveCfg = Release|Any CPU
		{BFC38CF8-6408-4A4D-83AE-0EC6541903D9}.Release|Any CPU.Build.0 = Release|Any CPU
		{6B06AD7D-3726-49BB-ADB0-4D4440C29BB2}.Debug|Any CPU.ActiveCfg = Debug|Any CPU
		{6B06AD7D-3726-49BB-ADB0-4D4440C29BB2}.Debug|Any CPU.Build.0 = Debug|Any CPU
		{6B06AD7D-3726-49BB-ADB0-4D4440C29BB2}.Release|Any CPU.ActiveCfg = Release|Any CPU
		{6B06AD7D-3726-49BB-ADB0-4D4440C29BB2}.Release|Any CPU.Build.0 = Release|Any CPU
		{5ED94D6A-DAFA-4312-83EB-F0FEAA46440C}.Debug|Any CPU.ActiveCfg = Debug|Any CPU
		{5ED94D6A-DAFA-4312-83EB-F0FEAA46440C}.Debug|Any CPU.Build.0 = Debug|Any CPU
		{5ED94D6A-DAFA-4312-83EB-F0FEAA46440C}.Release|Any CPU.ActiveCfg = Release|Any CPU
		{5ED94D6A-DAFA-4312-83EB-F0FEAA46440C}.Release|Any CPU.Build.0 = Release|Any CPU
	EndGlobalSection
	GlobalSection(SolutionProperties) = preSolution
		HideSolutionNode = FALSE
	EndGlobalSection
	GlobalSection(ExtensibilityGlobals) = postSolution
		SolutionGuid = {E62AAD0A-D702-4205-8FB6-2B6B15C428CE}
	EndGlobalSection
EndGlobal
